{
  "#                       \"ar-{version}.x\"      → gemfiles/ar-7.0.x\n#                       \"rails_{version}\"      → gemfiles/rails_7_0.gemfile": [
    {
      "file": ".structuredmerge/kettle-jem.yml",
      "lines": [
        150,
        183
      ]
    }
  ],
  "#                     Examples:\n#                       \"ar-{version}.x\"      → gemfiles/ar-7.0.x": [
    {
      "file": ".structuredmerge/kettle-jem.yml",
      "lines": [
        149,
        182
      ]
    }
  ],
  "#   - \"note:*\"\n#   - \"setup*\"": [
    {
      "file": ".structuredmerge/kettle-jem.yml",
      "lines": [
        237,
        278
      ]
    }
  ],
  "#   - basic usage\n#   - usage": [
    {
      "file": ".structuredmerge/kettle-jem.yml",
      "lines": [
        229,
        270
      ]
    }
  ],
  "#   - usage\n#   - summary": [
    {
      "file": ".structuredmerge/kettle-jem.yml",
      "lines": [
        230,
        271
      ]
    }
  ],
  "#   dimension   — framework name used in the matrix key and display\n#                 (e.g. activerecord, rails, actionmailer)": [
    {
      "file": ".structuredmerge/kettle-jem.yml",
      "lines": [
        135,
        175
      ]
    }
  ],
  "#   framework    — Ruby × framework-version matrix\n#   legacy-compat — supported / unsupported / ancient workflow split": [
    {
      "file": ".structuredmerge/kettle-jem.yml",
      "lines": [
        131,
        171
      ]
    }
  ],
  "#   howto: basic usage\n#   options: configuration": [
    {
      "file": ".structuredmerge/kettle-jem.yml",
      "lines": [
        244,
        285
      ]
    }
  ],
  "#   modern       — Ruby-only matrix (default when absent)\n#   framework    — Ruby × framework-version matrix": [
    {
      "file": ".structuredmerge/kettle-jem.yml",
      "lines": [
        130,
        170
      ]
    }
  ],
  "#   summary → synopsis, usage → basic usage,\n#   configuration options → configuration, setup → basic usage": [
    {
      "file": ".structuredmerge/kettle-jem.yml",
      "lines": [
        223,
        264
      ]
    }
  ],
  "# ActiveRecord, ActiveSupport, etc.), this section configures how\n# kettle-jem generates the CI matrix strategy and gemfile references.": [
    {
      "file": ".structuredmerge/kettle-jem.yml",
      "lines": [
        126,
        166
      ]
    }
  ],
  "# Built-in aliases (destination → template):\n#   summary → synopsis, usage → basic usage,": [
    {
      "file": ".structuredmerge/kettle-jem.yml",
      "lines": [
        222,
        263
      ]
    }
  ],
  "# Custom section aliases (destination heading → canonical template heading).\n# Merged with built-in aliases above.": [
    {
      "file": ".structuredmerge/kettle-jem.yml",
      "lines": [
        240,
        281
      ]
    }
  ],
  "# Framework matrix workflows.\n# When your gem tests against multiple versions of a framework (Rails,": [
    {
      "file": ".structuredmerge/kettle-jem.yml",
      "lines": [
        124,
        164
      ]
    }
  ],
  "# Glob patterns for additional sections to preserve (e.g. Note:* headings).\n# Default when absent: [\"note:*\"]": [
    {
      "file": ".structuredmerge/kettle-jem.yml",
      "lines": [
        233,
        274
      ]
    }
  ],
  "# Sections to preserve from the destination README during template merging.\n# These section headings (case-insensitive) will keep the destination body": [
    {
      "file": ".structuredmerge/kettle-jem.yml",
      "lines": [
        215,
        256
      ]
    }
  ],
  "# These section headings (case-insensitive) will keep the destination body\n# instead of being overwritten by the template. Default when absent:": [
    {
      "file": ".structuredmerge/kettle-jem.yml",
      "lines": [
        216,
        257
      ]
    }
  ],
  "# When your gem tests against multiple versions of a framework (Rails,\n# ActiveRecord, ActiveSupport, etc.), this section configures how": [
    {
      "file": ".structuredmerge/kettle-jem.yml",
      "lines": [
        125,
        165
      ]
    }
  ],
  "# framework_matrix (only used when preset: framework):\n#   dimension   — framework name used in the matrix key and display": [
    {
      "file": ".structuredmerge/kettle-jem.yml",
      "lines": [
        134,
        174
      ]
    }
  ],
  "# instead of being overwritten by the template. Default when absent:\n#   - synopsis": [
    {
      "file": ".structuredmerge/kettle-jem.yml",
      "lines": [
        217,
        258
      ]
    }
  ],
  "# preserve_patterns:\n#   - \"note:*\"": [
    {
      "file": ".structuredmerge/kettle-jem.yml",
      "lines": [
        236,
        277
      ]
    }
  ],
  "# preserve_sections:\n#   - synopsis": [
    {
      "file": ".structuredmerge/kettle-jem.yml",
      "lines": [
        226,
        267
      ]
    }
  ],
  "# preset: controls overall workflow strategy\n#   modern       — Ruby-only matrix (default when absent)": [
    {
      "file": ".structuredmerge/kettle-jem.yml",
      "lines": [
        129,
        169
      ]
    }
  ],
  "# section_aliases:\n#   howto: basic usage": [
    {
      "file": ".structuredmerge/kettle-jem.yml",
      "lines": [
        243,
        284
      ]
    }
  ],
  "appraisal: \"dep-heads\"\nexec_cmd: \"kettle-test\"": [
    {
      "file": ".github/workflows/dep-heads.yml",
      "lines": [
        44,
        51,
        58
      ]
    }
  ],
  "appraisal: \"head\"\nexec_cmd: \"kettle-test\"": [
    {
      "file": ".github/workflows/heads.yml",
      "lines": [
        43,
        50,
        57
      ]
    }
  ],
  "exec_cmd: \"kettle-test\"\nrubygems: default": [
    {
      "file": ".github/workflows/dep-heads.yml",
      "lines": [
        52,
        59
      ]
    },
    {
      "file": ".github/workflows/heads.yml",
      "lines": [
        44,
        51,
        58
      ]
    }
  ],
  "gem \"couch_potato\", \"~> 1.17\"\n# TODO: Bump when dropping old Ruby from this gem.": [
    {
      "file": "Appraisals",
      "lines": [
        252,
        262,
        272
      ]
    }
  ]
}
