{
  ".yard_gfm_support.rb:1155118867": [
    [10, 5, 22, "Style/SuperArguments: Call `super` without arguments and parentheses when the signature is identical.", 1905555812],
    [21, 33, 1, "Style/TrailingCommaInArguments: Avoid comma after the last parameter of a method call.", 177545]
  ],
  "Gemfile:131474229": [
    [57, 1, 11, "Gemspec/DevelopmentDependencies: Specify development dependencies in gemspec.", 1209233387],
    [58, 1, 11, "Gemspec/DevelopmentDependencies: Specify development dependencies in gemspec.", 1213001327],
    [59, 1, 19, "Gemspec/DevelopmentDependencies: Specify development dependencies in gemspec.", 284380772],
    [60, 1, 17, "Gemspec/DevelopmentDependencies: Specify development dependencies in gemspec.", 439084949],
    [61, 1, 16, "Gemspec/DevelopmentDependencies: Specify development dependencies in gemspec.", 772204622]
  ],
  "lib/omniauth/identity/models/rom.rb:1981933124": [
    [141, 28, 1, "Style/TrailingCommaInHashLiteral: Avoid comma after the last item of a hash.", 177545]
  ],
  "lib/omniauth/strategies/identity.rb:2260468599": [
    [232, 29, 1, "Style/TrailingCommaInArguments: Avoid comma after the last parameter of a method call.", 177545]
  ],
  "spec/omniauth/identity/models/couch_potato_module_spec.rb:4058643040": [
    [42, 37, 1, "Style/TrailingCommaInHashLiteral: Avoid comma after the last item of a hash.", 177545]
  ],
  "spec/omniauth/identity/models/mongoid_spec.rb:1626561410": [
    [34, 37, 1, "Style/TrailingCommaInHashLiteral: Avoid comma after the last item of a hash.", 177545]
  ],
  "spec/omniauth/identity/models/no_brainer_spec.rb:2371136555": [
    [34, 32, 1, "Style/TrailingCommaInHashLiteral: Avoid comma after the last item of a hash.", 177545],
    [62, 39, 1, "Style/TrailingCommaInHashLiteral: Avoid comma after the last item of a hash.", 177545]
  ],
  "spec/omniauth/strategies/identity_spec.rb:654570549": [
    [19, 128, 1, "Style/TrailingCommaInArguments: Avoid comma after the last parameter of a method call.", 177545],
    [52, 7, 63, "RSpec/LeakyLocalVariable: Do not use local variables defined outside of examples inside of them.", 4024977967],
    [53, 7, 47, "RSpec/LeakyLocalVariable: Do not use local variables defined outside of examples inside of them.", 2937627495],
    [54, 7, 47, "RSpec/LeakyLocalVariable: Do not use local variables defined outside of examples inside of them.", 359943335],
    [213, 12, 1, "Style/TrailingCommaInHashLiteral: Avoid comma after the last item of a hash.", 177545],
    [221, 20, 1, "Style/TrailingCommaInArguments: Avoid comma after the last parameter of a method call.", 177545],
    [226, 20, 1, "Style/TrailingCommaInArguments: Avoid comma after the last parameter of a method call.", 177545],
    [272, 31, 1, "Style/TrailingCommaInHashLiteral: Avoid comma after the last item of a hash.", 177545],
    [347, 31, 1, "Style/TrailingCommaInHashLiteral: Avoid comma after the last item of a hash.", 177545],
    [370, 14, 1, "Style/TrailingCommaInHashLiteral: Avoid comma after the last item of a hash.", 177545]
  ],
  "spec/spec_helper.rb:457633016": [
    [39, 4, 52, "Style/YodaCondition: Reverse the order of the operands `VersionGem::Ruby::RUBY_VER < Gem::Version.new(\"2.5\")`.", 3054081885]
  ],
  "spec/support/shared_contexts/instance_with_instance_methods.rb:540999892": [
    [69, 28, 1, "Style/TrailingCommaInHashLiteral: Avoid comma after the last item of a hash.", 177545]
  ],
  "spec/support/shared_contexts/model_with_class_methods.rb:1263210654": [
    [14, 25, 1, "Style/TrailingCommaInHashLiteral: Avoid comma after the last item of a hash.", 177545],
    [24, 27, 1, "Style/TrailingCommaInHashLiteral: Avoid comma after the last item of a hash.", 177545]
  ]
}
