{
  "README.md:2294530640": [
    [275, 3, 100, "Style/ClassMethodsDefinitions: Use `class << self` to define a class method.", 3592044714]
  ],
  "bin/bundle:247448467": [
    [64, 5, 20, "ThreadSafety/ClassInstanceVariable: Avoid class instance variables.", 2485198147]
  ],
  "lib/omniauth/identity/model.rb:4059465368": [
    [72, 11, 9, "ThreadSafety/ClassInstanceVariable: Avoid class instance variables.", 4045031525],
    [73, 11, 9, "ThreadSafety/ClassInstanceVariable: Avoid class instance variables.", 4045031525],
    [73, 40, 9, "ThreadSafety/ClassInstanceVariable: Avoid class instance variables.", 4045031525],
    [73, 54, 9, "ThreadSafety/ClassInstanceVariable: Avoid class instance variables.", 4045031525],
    [75, 11, 9, "ThreadSafety/ClassInstanceVariable: Avoid class instance variables.", 4045031525]
  ],
  "lib/omniauth/identity/models/active_record.rb:430408575": [
    [54, 9, 113, "Style/ClassMethodsDefinitions: Use `class << self` to define a class method.", 2104861380],
    [68, 9, 189, "Style/ClassMethodsDefinitions: Use `class << self` to define a class method.", 3443171851]
  ],
  "lib/omniauth/identity/models/couch_potato.rb:3316956333": [
    [42, 9, 1762, "Style/ClassMethodsDefinitions: Use `class << self` to define a class method.", 832901360],
    [60, 13, 125, "Style/ClassMethodsDefinitions: Use `class << self` to define a class method.", 3604044426],
    [72, 13, 83, "Style/ClassMethodsDefinitions: Use `class << self` to define a class method.", 902334745]
  ],
  "lib/omniauth/identity/models/mongoid.rb:235149629": [
    [40, 9, 1350, "Style/ClassMethodsDefinitions: Use `class << self` to define a class method.", 3626154135],
    [58, 13, 125, "Style/ClassMethodsDefinitions: Use `class << self` to define a class method.", 3604044426],
    [70, 13, 83, "Style/ClassMethodsDefinitions: Use `class << self` to define a class method.", 902334745]
  ],
  "lib/omniauth/identity/models/nobrainer.rb:1006812696": [
    [39, 9, 1343, "Style/ClassMethodsDefinitions: Use `class << self` to define a class method.", 1011141886],
    [57, 13, 125, "Style/ClassMethodsDefinitions: Use `class << self` to define a class method.", 3604044426],
    [69, 13, 83, "Style/ClassMethodsDefinitions: Use `class << self` to define a class method.", 902334745]
  ],
  "lib/omniauth/identity/models/sequel.rb:101522047": [
    [44, 9, 3379, "Style/ClassMethodsDefinitions: Use `class << self` to define a class method.", 3595458005]
  ],
  "lib/omniauth/identity/secure_password.rb:1127154244": [
    [31, 7, 113, "Style/ClassMethodsDefinitions: Use `class << self` to define a class method.", 353293128],
    [46, 9, 23, "ThreadSafety/ClassAndModuleAttributes: Avoid mutating class and module attributes.", 1578198260]
  ],
  "spec/omniauth/identity/model_spec.rb:3920022856": [
    [3, 1, 40, "RSpec/SpecFilePathFormat: Spec path should end with `omni_auth/identity/model*_spec.rb`.", 1316823397]
  ],
  "spec/omniauth/identity/secure_password_spec.rb:4120880794": [
    [3, 1, 49, "RSpec/SpecFilePathFormat: Spec path should end with `omni_auth/identity/secure_password*_spec.rb`.", 2365105762]
  ],
  "spec/omniauth/strategies/identity_spec.rb:974965787": [
    [6, 1, 55, "RSpec/SpecFilePathFormat: Spec path should end with `omni_auth/strategies/identity*_spec.rb`.", 3369296900],
    [164, 13, 63, "Style/IdenticalConditionalBranches: Move `expect(last_response.body).not_to include(\"Create an Identity\")` out of the conditional.", 3058698764],
    [167, 13, 63, "Style/IdenticalConditionalBranches: Move `expect(last_response.body).not_to include(\"Create an Identity\")` out of the conditional.", 3058698764],
    [180, 9, 15, "RSpec/StubbedMock: Prefer `allow` over `expect` when configuring a response.", 1348721721],
    [201, 9, 15, "RSpec/StubbedMock: Prefer `allow` over `expect` when configuring a response.", 1348721721],
    [222, 9, 15, "RSpec/StubbedMock: Prefer `allow` over `expect` when configuring a response.", 1348721721],
    [232, 13, 25, "RSpec/ContextWording: Context description should match /^when\\b/, /^with\\b/, or /^without\\b/.", 3693125323],
    [239, 13, 26, "RSpec/ContextWording: Context description should match /^when\\b/, /^with\\b/, or /^without\\b/.", 2193731070],
    [255, 13, 26, "RSpec/ContextWording: Context description should match /^when\\b/, /^with\\b/, or /^without\\b/.", 2193731070],
    [294, 33, 2, "RSpec/BeEq: Prefer `be` over `eq`.", 5860785],
    [352, 9, 15, "RSpec/StubbedMock: Prefer `allow` over `expect` when configuring a response.", 1348721721],
    [355, 15, 9, "RSpec/ContextWording: Context description should match /^when\\b/, /^with\\b/, or /^without\\b/.", 3027277230],
    [363, 15, 40, "RSpec/ContextWording: Context description should match /^when\\b/, /^with\\b/, or /^without\\b/.", 3387945126],
    [394, 33, 2, "RSpec/BeEq: Prefer `be` over `eq`.", 5860785],
    [417, 33, 2, "RSpec/BeEq: Prefer `be` over `eq`.", 5860785]
  ],
  "spec/support/shared_contexts/instance_with_instance_methods.rb:664047042": [
    [65, 7, 58, "RSpec/ReceiveMessages: Use `receive_messages` instead of multiple stubs on lines [66].", 2575742549],
    [66, 7, 55, "RSpec/ReceiveMessages: Use `receive_messages` instead of multiple stubs on lines [65].", 4289606631],
    [74, 5, 322, "RSpec/NoExpectationExample: No expectation found in this example.", 4020414310],
    [75, 7, 62, "RSpec/ReceiveMessages: Use `receive_messages` instead of multiple stubs on lines [76, 77].", 4137211194],
    [76, 7, 56, "RSpec/ReceiveMessages: Use `receive_messages` instead of multiple stubs on lines [75, 77].", 2966621938],
    [77, 7, 58, "RSpec/ReceiveMessages: Use `receive_messages` instead of multiple stubs on lines [75, 76].", 2022386549],
    [81, 5, 180, "RSpec/NoExpectationExample: No expectation found in this example.", 1355536605],
    [87, 7, 60, "RSpec/ReceiveMessages: Use `receive_messages` instead of multiple stubs on lines [88].", 3631741744],
    [88, 7, 59, "RSpec/ReceiveMessages: Use `receive_messages` instead of multiple stubs on lines [87].", 3301215538]
  ],
  "spec/support/shared_contexts/persistable_model.rb:4102269984": [
    [3, 22, 19, "RSpec/ContextWording: Context description should match /^when\\b/, /^with\\b/, or /^without\\b/.", 3037799226]
  ],
  "spec_ignored/nobrainer_spec.rb:3191134947": [
    [19, 1, 65, "RSpec/SpecFilePathFormat: Spec path should end with `omni_auth/identity/models/no_brainer*_spec.rb`.", 1527957824],
    [20, 3, 12, "RSpec/BeforeAfterAll: Beware of using `before(:all)` as it may cause state to leak between tests. If you are using `rspec-rails`, and `use_transactional_fixtures` is enabled, then records created in `before(:all)` are not automatically rolled back.", 86334566],
    [36, 7, 45, "Layout/EmptyLinesAfterModuleInclusion: Add an empty line after module inclusion.", 2552284222],
    [55, 9, 71, "RSpec/SubjectStub: Do not stub methods of the object under test.", 399334056]
  ],
  "spec_orms/active_record_spec.rb:2527236494": [
    [15, 1, 66, "RSpec/SpecFilePathFormat: Spec path should end with `omni_auth/identity/models/active_record*_spec.rb`.", 3716735269],
    [47, 9, 71, "RSpec/SubjectStub: Do not stub methods of the object under test.", 399334056]
  ],
  "spec_orms/couch_potato_spec.rb:2607164198": [
    [12, 1, 71, "RSpec/SpecFilePathFormat: Spec path should end with `omni_auth/identity/models/couch_potato_module*_spec.rb`.", 3681175308],
    [13, 3, 12, "RSpec/BeforeAfterAll: Beware of using `before(:all)` as it may cause state to leak between tests. If you are using `rspec-rails`, and `use_transactional_fixtures` is enabled, then records created in `before(:all)` are not automatically rolled back.", 86334566],
    [23, 7, 53, "Layout/EmptyLinesAfterModuleInclusion: Add an empty line after module inclusion.", 3371266503],
    [41, 9, 71, "RSpec/SubjectStub: Do not stub methods of the object under test.", 399334056]
  ],
  "spec_orms/mongoid_spec.rb:2505895318": [
    [14, 1, 61, "RSpec/SpecFilePathFormat: Spec path should end with `omni_auth/identity/models/mongoid*_spec.rb`.", 2184534986],
    [32, 9, 71, "RSpec/SubjectStub: Do not stub methods of the object under test.", 399334056]
  ],
  "spec_orms/sequel_spec.rb:1275922107": [
    [22, 1, 60, "RSpec/SpecFilePathFormat: Spec path should end with `omni_auth/identity/models/sequel*_spec.rb`.", 36626431],
    [23, 3, 12, "RSpec/BeforeAfterAll: Beware of using `before(:all)` as it may cause state to leak between tests. If you are using `rspec-rails`, and `use_transactional_fixtures` is enabled, then records created in `before(:all)` are not automatically rolled back.", 86334566],
    [34, 7, 42, "Layout/EmptyLinesAfterModuleInclusion: Add an empty line after module inclusion.", 1846499429],
    [48, 9, 71, "RSpec/SubjectStub: Do not stub methods of the object under test.", 399334056]
  ]
}
